
Microsoft Visual Studio Solution File, Format Version 12.00
# Visual Studio Version 17
VisualStudioVersion = 17.10.35004.147
MinimumVisualStudioVersion = 10.0.40219.1
Project("{FAE04EC0-301F-11D3-BF4B-00C04F79EFBC}") = "1_pheptinhcoban", "1_pheptinhcoban.csproj", "{83D2B75F-4A68-4381-A838-BEE166B12D94}"
EndProject
Global
	GlobalSection(SolutionConfigurationPlatforms) = preSolution
		Debug|Any CPU = Debug|Any CPU
		Release|Any CPU = Release|Any CPU
	EndGlobalSection
	GlobalSection(ProjectConfigurationPlatforms) = postSolution
		{83D2B75F-4A68-4381-A838-BEE166B12D94}.Debug|Any CPU.ActiveCfg = Debug|Any CPU
		{83D2B75F-4A68-4381-A838-BEE166B12D94}.Debug|Any CPU.Build.0 = Debug|Any CPU
		{83D2B75F-4A68-4381-A838-BEE166B12D94}.Release|Any CPU.ActiveCfg = Release|Any CPU
		{83D2B75F-4A68-4381-A838-BEE166B12D94}.Release|Any CPU.Build.0 = Release|Any CPU
	EndGlobalSection
	GlobalSection(SolutionProperties) = preSolution
		HideSolutionNode = FALSE
	EndGlobalSection
	GlobalSection(ExtensibilityGlobals) = postSolution
		SolutionGuid = {1FBA1B34-FAE5-40F2-A5E5-86283200CAB8}
	EndGlobalSection
EndGlobal
